// !$*UTF8*$!
{
	archiveVersion = 1;
	classes = {
	};
	objectVersion = 46;
	objects = {

/* Begin PBXBuildFile section */
		3019096E1B9D6B14008883AB /* main.m in Sources */ = {isa = PBXBuildFile; fileRef = 3019096D1B9D6B14008883AB /* main.m */; };
		301909711B9D6B14008883AB /* AppDelegate.m in Sources */ = {isa = PBXBuildFile; fileRef = 301909701B9D6B14008883AB /* AppDelegate.m */; };
		301909741B9D6B14008883AB /* ViewController.m in Sources */ = {isa = PBXBuildFile; fileRef = 301909731B9D6B14008883AB /* ViewController.m */; };
		301909771B9D6B14008883AB /* Main.storyboard in Resources */ = {isa = PBXBuildFile; fileRef = 301909751B9D6B14008883AB /* Main.storyboard */; };
		301909791B9D6B14008883AB /* Images.xcassets in Resources */ = {isa = PBXBuildFile; fileRef = 301909781B9D6B14008883AB /* Images.xcassets */; };
		3019097C1B9D6B14008883AB /* LaunchScreen.xib in Resources */ = {isa = PBXBuildFile; fileRef = 3019097A1B9D6B14008883AB /* LaunchScreen.xib */; };
		301909881B9D6B14008883AB /* FD_ToolsDemoTests.m in Sources */ = {isa = PBXBuildFile; fileRef = 301909871B9D6B14008883AB /* FD_ToolsDemoTests.m */; };
		301909941B9D7042008883AB /* Icon.png in Resources */ = {isa = PBXBuildFile; fileRef = 301909911B9D7042008883AB /* Icon.png */; };
		301909951B9D7042008883AB /* Icon@2x.png in Resources */ = {isa = PBXBuildFile; fileRef = 301909921B9D7042008883AB /* Icon@2x.png */; };
		301909961B9D7042008883AB /* Icon@3x.png in Resources */ = {isa = PBXBuildFile; fileRef = 301909931B9D7042008883AB /* Icon@3x.png */; };
		BAA138641C12C30F007FD778 /* face.jpg in Resources */ = {isa = PBXBuildFile; fileRef = BAA138631C12C30F007FD778 /* face.jpg */; };
		BAADC1E31BABEC1500432715 /* libmp3lame.a in Frameworks */ = {isa = PBXBuildFile; fileRef = BAADC1E21BABEC1500432715 /* libmp3lame.a */; };
		BAE554801C1590A200CADE3E /* FD_DrawView.m in Sources */ = {isa = PBXBuildFile; fileRef = BAE5547F1C1590A200CADE3E /* FD_DrawView.m */; };
/* End PBXBuildFile section */

/* Begin PBXContainerItemProxy section */
		301909821B9D6B14008883AB /* PBXContainerItemProxy */ = {
			isa = PBXContainerItemProxy;
			containerPortal = 301909601B9D6B14008883AB /* Project object */;
			proxyType = 1;
			remoteGlobalIDString = 301909671B9D6B14008883AB;
			remoteInfo = FD_ToolsDemo;
		};
/* End PBXContainerItemProxy section */

/* Begin PBXFileReference section */
		301909681B9D6B14008883AB /* FD_ToolsDemo.app */ = {isa = PBXFileReference; explicitFileType = wrapper.application; includeInIndex = 0; path = FD_ToolsDemo.app; sourceTree = BUILT_PRODUCTS_DIR; };
		3019096C1B9D6B14008883AB /* Info.plist */ = {isa = PBXFileReference; lastKnownFileType = text.plist.xml; path = Info.plist; sourceTree = "<group>"; };
		3019096D1B9D6B14008883AB /* main.m */ = {isa = PBXFileReference; lastKnownFileType = sourcecode.c.objc; path = main.m; sourceTree = "<group>"; };
		3019096F1B9D6B14008883AB /* AppDelegate.h */ = {isa = PBXFileReference; lastKnownFileType = sourcecode.c.h; path = AppDelegate.h; sourceTree = "<group>"; };
		301909701B9D6B14008883AB /* AppDelegate.m */ = {isa = PBXFileReference; lastKnownFileType = sourcecode.c.objc; path = AppDelegate.m; sourceTree = "<group>"; };
		301909721B9D6B14008883AB /* ViewController.h */ = {isa = PBXFileReference; lastKnownFileType = sourcecode.c.h; path = ViewController.h; sourceTree = "<group>"; };
		301909731B9D6B14008883AB /* ViewController.m */ = {isa = PBXFileReference; lastKnownFileType = sourcecode.c.objc; path = ViewController.m; sourceTree = "<group>"; };
		301909761B9D6B14008883AB /* Base */ = {isa = PBXFileReference; lastKnownFileType = file.storyboard; name = Base; path = Base.lproj/Main.storyboard; sourceTree = "<group>"; };
		301909781B9D6B14008883AB /* Images.xcassets */ = {isa = PBXFileReference; lastKnownFileType = folder.assetcatalog; path = Images.xcassets; sourceTree = "<group>"; };
		3019097B1B9D6B14008883AB /* Base */ = {isa = PBXFileReference; lastKnownFileType = file.xib; name = Base; path = Base.lproj/LaunchScreen.xib; sourceTree = "<group>"; };
		301909811B9D6B14008883AB /* FD_ToolsDemoTests.xctest */ = {isa = PBXFileReference; explicitFileType = wrapper.cfbundle; includeInIndex = 0; path = FD_ToolsDemoTests.xctest; sourceTree = BUILT_PRODUCTS_DIR; };
		301909861B9D6B14008883AB /* Info.plist */ = {isa = PBXFileReference; lastKnownFileType = text.plist.xml; path = Info.plist; sourceTree = "<group>"; };
		301909871B9D6B14008883AB /* FD_ToolsDemoTests.m */ = {isa = PBXFileReference; lastKnownFileType = sourcecode.c.objc; path = FD_ToolsDemoTests.m; sourceTree = "<group>"; };
		301909911B9D7042008883AB /* Icon.png */ = {isa = PBXFileReference; lastKnownFileType = image.png; path = Icon.png; sourceTree = "<group>"; };
		301909921B9D7042008883AB /* Icon@2x.png */ = {isa = PBXFileReference; lastKnownFileType = image.png; path = "Icon@2x.png"; sourceTree = "<group>"; };
		301909931B9D7042008883AB /* Icon@3x.png */ = {isa = PBXFileReference; lastKnownFileType = image.png; path = "Icon@3x.png"; sourceTree = "<group>"; };
		BAA138631C12C30F007FD778 /* face.jpg */ = {isa = PBXFileReference; lastKnownFileType = image.jpeg; path = face.jpg; sourceTree = "<group>"; };
		BAADC1E11BABEC1500432715 /* lame.h */ = {isa = PBXFileReference; fileEncoding = 4; lastKnownFileType = sourcecode.c.h; path = lame.h; sourceTree = "<group>"; };
		BAADC1E21BABEC1500432715 /* libmp3lame.a */ = {isa = PBXFileReference; lastKnownFileType = archive.ar; path = libmp3lame.a; sourceTree = "<group>"; };
		BAE5547E1C1590A200CADE3E /* FD_DrawView.h */ = {isa = PBXFileReference; fileEncoding = 4; lastKnownFileType = sourcecode.c.h; path = FD_DrawView.h; sourceTree = "<group>"; };
		BAE5547F1C1590A200CADE3E /* FD_DrawView.m */ = {isa = PBXFileReference; fileEncoding = 4; lastKnownFileType = sourcecode.c.objc; path = FD_DrawView.m; sourceTree = "<group>"; };
/* End PBXFileReference section */

/* Begin PBXFrameworksBuildPhase section */
		301909651B9D6B14008883AB /* Frameworks */ = {
			isa = PBXFrameworksBuildPhase;
			buildActionMask = 2147483647;
			files = (
				BAADC1E31BABEC1500432715 /* libmp3lame.a in Frameworks */,
			);
			runOnlyForDeploymentPostprocessing = 0;
		};
		3019097E1B9D6B14008883AB /* Frameworks */ = {
			isa = PBXFrameworksBuildPhase;
			buildActionMask = 2147483647;
			files = (
			);
			runOnlyForDeploymentPostprocessing = 0;
		};
/* End PBXFrameworksBuildPhase section */

/* Begin PBXGroup section */
		3019095F1B9D6B14008883AB = {
			isa = PBXGroup;
			children = (
				3019096A1B9D6B14008883AB /* FD_ToolsDemo */,
				301909841B9D6B14008883AB /* FD_ToolsDemoTests */,
				301909691B9D6B14008883AB /* Products */,
			);
			sourceTree = "<group>";
		};
		301909691B9D6B14008883AB /* Products */ = {
			isa = PBXGroup;
			children = (
				301909681B9D6B14008883AB /* FD_ToolsDemo.app */,
				301909811B9D6B14008883AB /* FD_ToolsDemoTests.xctest */,
			);
			name = Products;
			sourceTree = "<group>";
		};
		3019096A1B9D6B14008883AB /* FD_ToolsDemo */ = {
			isa = PBXGroup;
			children = (
				BAA138631C12C30F007FD778 /* face.jpg */,
				BAADC1E11BABEC1500432715 /* lame.h */,
				BAADC1E21BABEC1500432715 /* libmp3lame.a */,
				301909911B9D7042008883AB /* Icon.png */,
				301909921B9D7042008883AB /* Icon@2x.png */,
				301909931B9D7042008883AB /* Icon@3x.png */,
				3019096F1B9D6B14008883AB /* AppDelegate.h */,
				301909701B9D6B14008883AB /* AppDelegate.m */,
				301909721B9D6B14008883AB /* ViewController.h */,
				301909731B9D6B14008883AB /* ViewController.m */,
				BAE5547E1C1590A200CADE3E /* FD_DrawView.h */,
				BAE5547F1C1590A200CADE3E /* FD_DrawView.m */,
				301909751B9D6B14008883AB /* Main.storyboard */,
				301909781B9D6B14008883AB /* Images.xcassets */,
				3019097A1B9D6B14008883AB /* LaunchScreen.xib */,
				3019096B1B9D6B14008883AB /* Supporting Files */,
			);
			path = FD_ToolsDemo;
			sourceTree = "<group>";
		};
		3019096B1B9D6B14008883AB /* Supporting Files */ = {
			isa = PBXGroup;
			children = (
				3019096C1B9D6B14008883AB /* Info.plist */,
				3019096D1B9D6B14008883AB /* main.m */,
			);
			name = "Supporting Files";
			sourceTree = "<group>";
		};
		301909841B9D6B14008883AB /* FD_ToolsDemoTests */ = {
			isa = PBXGroup;
			children = (
				301909871B9D6B14008883AB /* FD_ToolsDemoTests.m */,
				301909851B9D6B14008883AB /* Supporting Files */,
			);
			path = FD_ToolsDemoTests;
			sourceTree = "<group>";
		};
		301909851B9D6B14008883AB /* Supporting Files */ = {
			isa = PBXGroup;
			children = (
				301909861B9D6B14008883AB /* Info.plist */,
			);
			name = "Supporting Files";
			sourceTree = "<group>";
		};
/* End PBXGroup section */

/* Begin PBXNativeTarget section */
		301909671B9D6B14008883AB /* FD_ToolsDemo */ = {
			isa = PBXNativeTarget;
			buildConfigurationList = 3019098B1B9D6B14008883AB /* Build configuration list for PBXNativeTarget "FD_ToolsDemo" */;
			buildPhases = (
				301909641B9D6B14008883AB /* Sources */,
				301909651B9D6B14008883AB /* Frameworks */,
				301909661B9D6B14008883AB /* Resources */,
			);
			buildRules = (
			);
			dependencies = (
			);
			name = FD_ToolsDemo;
			productName = FD_ToolsDemo;
			productReference = 301909681B9D6B14008883AB /* FD_ToolsDemo.app */;
			productType = "com.apple.product-type.application";
		};
		301909801B9D6B14008883AB /* FD_ToolsDemoTests */ = {
			isa = PBXNativeTarget;
			buildConfigurationList = 3019098E1B9D6B14008883AB /* Build configuration list for PBXNativeTarget "FD_ToolsDemoTests" */;
			buildPhases = (
				3019097D1B9D6B14008883AB /* Sources */,
				3019097E1B9D6B14008883AB /* Frameworks */,
				3019097F1B9D6B14008883AB /* Resources */,
			);
			buildRules = (
			);
			dependencies = (
				301909831B9D6B14008883AB /* PBXTargetDependency */,
			);
			name = FD_ToolsDemoTests;
			productName = FD_ToolsDemoTests;
			productReference = 301909811B9D6B14008883AB /* FD_ToolsDemoTests.xctest */;
			productType = "com.apple.product-type.bundle.unit-test";
		};
/* End PBXNativeTarget section */

/* Begin PBXProject section */
		301909601B9D6B14008883AB /* Project object */ = {
			isa = PBXProject;
			attributes = {
				CLASSPREFIX = FD_;
				LastUpgradeCheck = 0640;
				ORGANIZATIONNAME = WFD;
				TargetAttributes = {
					301909671B9D6B14008883AB = {
						CreatedOnToolsVersion = 6.4;
					};
					301909801B9D6B14008883AB = {
						CreatedOnToolsVersion = 6.4;
						TestTargetID = 301909671B9D6B14008883AB;
					};
				};
			};
			buildConfigurationList = 301909631B9D6B14008883AB /* Build configuration list for PBXProject "FD_ToolsDemo" */;
			compatibilityVersion = "Xcode 3.2";
			developmentRegion = English;
			hasScannedForEncodings = 0;
			knownRegions = (
				en,
				Base,
			);
			mainGroup = 3019095F1B9D6B14008883AB;
			productRefGroup = 301909691B9D6B14008883AB /* Products */;
			projectDirPath = "";
			projectRoot = "";
			targets = (
				301909671B9D6B14008883AB /* FD_ToolsDemo */,
				301909801B9D6B14008883AB /* FD_ToolsDemoTests */,
			);
		};
/* End PBXProject section */

/* Begin PBXResourcesBuildPhase section */
		301909661B9D6B14008883AB /* Resources */ = {
			isa = PBXResourcesBuildPhase;
			buildActionMask = 2147483647;
			files = (
				301909951B9D7042008883AB /* Icon@2x.png in Resources */,
				301909941B9D7042008883AB /* Icon.png in Resources */,
				301909961B9D7042008883AB /* Icon@3x.png in Resources */,
				301909771B9D6B14008883AB /* Main.storyboard in Resources */,
				3019097C1B9D6B14008883AB /* LaunchScreen.xib in Resources */,
				301909791B9D6B14008883AB /* Images.xcassets in Resources */,
				BAA138641C12C30F007FD778 /* face.jpg in Resources */,
			);
			runOnlyForDeploymentPostprocessing = 0;
		};
		3019097F1B9D6B14008883AB /* Resources */ = {
			isa = PBXResourcesBuildPhase;
			buildActionMask = 2147483647;
			files = (
			);
			runOnlyForDeploymentPostprocessing = 0;
		};
/* End PBXResourcesBuildPhase section */

/* Begin PBXSourcesBuildPhase section */
		301909641B9D6B14008883AB /* Sources */ = {
			isa = PBXSourcesBuildPhase;
			buildActionMask = 2147483647;
			files = (
				301909741B9D6B14008883AB /* ViewController.m in Sources */,
				301909711B9D6B14008883AB /* AppDelegate.m in Sources */,
				BAE554801C1590A200CADE3E /* FD_DrawView.m in Sources */,
				3019096E1B9D6B14008883AB /* main.m in Sources */,
			);
			runOnlyForDeploymentPostprocessing = 0;
		};
		3019097D1B9D6B14008883AB /* Sources */ = {
			isa = PBXSourcesBuildPhase;
			buildActionMask = 2147483647;
			files = (
				301909881B9D6B14008883AB /* FD_ToolsDemoTests.m in Sources */,
			);
			runOnlyForDeploymentPostprocessing = 0;
		};
/* End PBXSourcesBuildPhase section */

/* Begin PBXTargetDependency section */
		301909831B9D6B14008883AB /* PBXTargetDependency */ = {
			isa = PBXTargetDependency;
			target = 301909671B9D6B14008883AB /* FD_ToolsDemo */;
			targetProxy = 301909821B9D6B14008883AB /* PBXContainerItemProxy */;
		};
/* End PBXTargetDependency section */

/* Begin PBXVariantGroup section */
		301909751B9D6B14008883AB /* Main.storyboard */ = {
			isa = PBXVariantGroup;
			children = (
				301909761B9D6B14008883AB /* Base */,
			);
			name = Main.storyboard;
			sourceTree = "<group>";
		};
		3019097A1B9D6B14008883AB /* LaunchScreen.xib */ = {
			isa = PBXVariantGroup;
			children = (
				3019097B1B9D6B14008883AB /* Base */,
			);
			name = LaunchScreen.xib;
			sourceTree = "<group>";
		};
/* End PBXVariantGroup section */

/* Begin XCBuildConfiguration section */
		301909891B9D6B14008883AB /* Debug */ = {
			isa = XCBuildConfiguration;
			buildSettings = {
				ALWAYS_SEARCH_USER_PATHS = NO;
				CLANG_CXX_LANGUAGE_STANDARD = "gnu++0x";
				CLANG_CXX_LIBRARY = "libc++";
				CLANG_ENABLE_MODULES = YES;
				CLANG_ENABLE_OBJC_ARC = YES;
				CLANG_WARN_BOOL_CONVERSION = YES;
				CLANG_WARN_CONSTANT_CONVERSION = YES;
				CLANG_WARN_DIRECT_OBJC_ISA_USAGE = YES_ERROR;
				CLANG_WARN_EMPTY_BODY = YES;
				CLANG_WARN_ENUM_CONVERSION = YES;
				CLANG_WARN_INT_CONVERSION = YES;
				CLANG_WARN_OBJC_ROOT_CLASS = YES_ERROR;
				CLANG_WARN_UNREACHABLE_CODE = YES;
				CLANG_WARN__DUPLICATE_METHOD_MATCH = YES;
				"CODE_SIGN_IDENTITY[sdk=iphoneos*]" = "iPhone Developer";
				COPY_PHASE_STRIP = NO;
				DEBUG_INFORMATION_FORMAT = "dwarf-with-dsym";
				ENABLE_STRICT_OBJC_MSGSEND = YES;
				GCC_C_LANGUAGE_STANDARD = gnu99;
				GCC_DYNAMIC_NO_PIC = NO;
				GCC_NO_COMMON_BLOCKS = YES;
				GCC_OPTIMIZATION_LEVEL = 0;
				GCC_PREPROCESSOR_DEFINITIONS = (
					"DEBUG=1",
					"$(inherited)",
				);
				GCC_SYMBOLS_PRIVATE_EXTERN = NO;
				GCC_WARN_64_TO_32_BIT_CONVERSION = YES;
				GCC_WARN_ABOUT_RETURN_TYPE = YES_ERROR;
				GCC_WARN_UNDECLARED_SELECTOR = YES;
				GCC_WARN_UNINITIALIZED_AUTOS = YES_AGGRESSIVE;
				GCC_WARN_UNUSED_FUNCTION = YES;
				GCC_WARN_UNUSED_VARIABLE = YES;
				IPHONEOS_DEPLOYMENT_TARGET = 8.4;
				MTL_ENABLE_DEBUG_INFO = YES;
				ONLY_ACTIVE_ARCH = YES;
				SDKROOT = iphoneos;
				TARGETED_DEVICE_FAMILY = "1,2";
			};
			name = Debug;
		};
		3019098A1B9D6B14008883AB /* Release */ = {
			isa = XCBuildConfiguration;
			buildSettings = {
				ALWAYS_SEARCH_USER_PATHS = NO;
				CLANG_CXX_LANGUAGE_STANDARD = "gnu++0x";
				CLANG_CXX_LIBRARY = "libc++";
				CLANG_ENABLE_MODULES = YES;
				CLANG_ENABLE_OBJC_ARC = YES;
				CLANG_WARN_BOOL_CONVERSION = YES;
				CLANG_WARN_CONSTANT_CONVERSION = YES;
				CLANG_WARN_DIRECT_OBJC_ISA_USAGE = YES_ERROR;
				CLANG_WARN_EMPTY_BODY = YES;
				CLANG_WARN_ENUM_CONVERSION = YES;
				CLANG_WARN_INT_CONVERSION = YES;
				CLANG_WARN_OBJC_ROOT_CLASS = YES_ERROR;
				CLANG_WARN_UNREACHABLE_CODE = YES;
				CLANG_WARN__DUPLICATE_METHOD_MATCH = YES;
				"CODE_SIGN_IDENTITY[sdk=iphoneos*]" = "iPhone Developer";
				COPY_PHASE_STRIP = NO;
				DEBUG_INFORMATION_FORMAT = "dwarf-with-dsym";
				ENABLE_NS_ASSERTIONS = NO;
				ENABLE_STRICT_OBJC_MSGSEND = YES;
				GCC_C_LANGUAGE_STANDARD = gnu99;
				GCC_NO_COMMON_BLOCKS = YES;
				GCC_WARN_64_TO_32_BIT_CONVERSION = YES;
				GCC_WARN_ABOUT_RETURN_TYPE = YES_ERROR;
				GCC_WARN_UNDECLARED_SELECTOR = YES;
				GCC_WARN_UNINITIALIZED_AUTOS = YES_AGGRESSIVE;
				GCC_WARN_UNUSED_FUNCTION = YES;
				GCC_WARN_UNUSED_VARIABLE = YES;
				IPHONEOS_DEPLOYMENT_TARGET = 8.4;
				MTL_ENABLE_DEBUG_INFO = NO;
				SDKROOT = iphoneos;
				TARGETED_DEVICE_FAMILY = "1,2";
				VALIDATE_PRODUCT = YES;
			};
			name = Release;
		};
		3019098C1B9D6B14008883AB /* Debug */ = {
			isa = XCBuildConfiguration;
			buildSettings = {
				ASSETCATALOG_COMPILER_APPICON_NAME = AppIcon;
				INFOPLIST_FILE = FD_ToolsDemo/Info.plist;
				LD_RUNPATH_SEARCH_PATHS = "$(inherited) @executable_path/Frameworks";
				LIBRARY_SEARCH_PATHS = (
					"$(inherited)",
					"$(PROJECT_DIR)/FD_ToolsDemo",
				);
				PRODUCT_NAME = "$(TARGET_NAME)";
			};
			name = Debug;
		};
		3019098D1B9D6B14008883AB /* Release */ = {
			isa = XCBuildConfiguration;
			buildSettings = {
				ASSETCATALOG_COMPILER_APPICON_NAME = AppIcon;
				INFOPLIST_FILE = FD_ToolsDemo/Info.plist;
				LD_RUNPATH_SEARCH_PATHS = "$(inherited) @executable_path/Frameworks";
				LIBRARY_SEARCH_PATHS = (
					"$(inherited)",
					"$(PROJECT_DIR)/FD_ToolsDemo",
				);
				PRODUCT_NAME = "$(TARGET_NAME)";
			};
			name = Release;
		};
		3019098F1B9D6B14008883AB /* Debug */ = {
			isa = XCBuildConfiguration;
			buildSettings = {
				BUNDLE_LOADER = "$(TEST_HOST)";
				FRAMEWORK_SEARCH_PATHS = (
					"$(SDKROOT)/Developer/Library/Frameworks",
					"$(inherited)",
				);
				GCC_PREPROCESSOR_DEFINITIONS = (
					"DEBUG=1",
					"$(inherited)",
				);
				INFOPLIST_FILE = FD_ToolsDemoTests/Info.plist;
				LD_RUNPATH_SEARCH_PATHS = "$(inherited) @executable_path/Frameworks @loader_path/Frameworks";
				PRODUCT_NAME = "$(TARGET_NAME)";
				TEST_HOST = "$(BUILT_PRODUCTS_DIR)/FD_ToolsDemo.app/FD_ToolsDemo";
			};
			name = Debug;
		};
		301909901B9D6B14008883AB /* Release */ = {
			isa = XCBuildConfiguration;
			buildSettings = {
				BUNDLE_LOADER = "$(TEST_HOST)";
				FRAMEWORK_SEARCH_PATHS = (
					"$(SDKROOT)/Developer/Library/Frameworks",
					"$(inherited)",
				);
				INFOPLIST_FILE = FD_ToolsDemoTests/Info.plist;
				LD_RUNPATH_SEARCH_PATHS = "$(inherited) @executable_path/Frameworks @loader_path/Frameworks";
				PRODUCT_NAME = "$(TARGET_NAME)";
				TEST_HOST = "$(BUILT_PRODUCTS_DIR)/FD_ToolsDemo.app/FD_ToolsDemo";
			};
			name = Release;
		};
/* End XCBuildConfiguration section */

/* Begin XCConfigurationList section */
		301909631B9D6B14008883AB /* Build configuration list for PBXProject "FD_ToolsDemo" */ = {
			isa = XCConfigurationList;
			buildConfigurations = (
				301909891B9D6B14008883AB /* Debug */,
				3019098A1B9D6B14008883AB /* Release */,
			);
			defaultConfigurationIsVisible = 0;
			defaultConfigurationName = Release;
		};
		3019098B1B9D6B14008883AB /* Build configuration list for PBXNativeTarget "FD_ToolsDemo" */ = {
			isa = XCConfigurationList;
			buildConfigurations = (
				3019098C1B9D6B14008883AB /* Debug */,
				3019098D1B9D6B14008883AB /* Release */,
			);
			defaultConfigurationIsVisible = 0;
			defaultConfigurationName = Release;
		};
		3019098E1B9D6B14008883AB /* Build configuration list for PBXNativeTarget "FD_ToolsDemoTests" */ = {
			isa = XCConfigurationList;
			buildConfigurations = (
				3019098F1B9D6B14008883AB /* Debug */,
				301909901B9D6B14008883AB /* Release */,
			);
			defaultConfigurationIsVisible = 0;
			defaultConfigurationName = Release;
		};
/* End XCConfigurationList section */
	};
	rootObject = 301909601B9D6B14008883AB /* Project object */;
}
